
Microsoft Visual Studio Solution File, Format Version 12.00
# Visual Studio 14
VisualStudioVersion = 14.0.25420.1
MinimumVisualStudioVersion = 10.0.40219.1
Project("{FAE04EC0-301F-11D3-BF4B-00C04F79EFBC}") = "XBLR.UI", "XBLR.UI\XBLR.UI.csproj", "{87F01C82-9884-42A7-81F8-D381912FA610}"
EndProject
Project("{FAE04EC0-301F-11D3-BF4B-00C04F79EFBC}") = "XBLR.Data", "..\XBLR.Data\XBLR.Data.csproj", "{1EF727CF-9FBB-4EED-A6DD-5F9DE774E632}"
EndProject
Project("{FAE04EC0-301F-11D3-BF4B-00C04F79EFBC}") = "XBLR.Logic", "..\XBLR.Logic\XBLR.Logic.csproj", "{5B637081-1586-4AD9-9A3F-D02292B7B053}"
EndProject
Global
	GlobalSection(SolutionConfigurationPlatforms) = preSolution
		Debug|Any CPU = Debug|Any CPU
		Release|Any CPU = Release|Any CPU
	EndGlobalSection
	GlobalSection(ProjectConfigurationPlatforms) = postSolution
		{87F01C82-9884-42A7-81F8-D381912FA610}.Debug|Any CPU.ActiveCfg = Debug|Any CPU
		{87F01C82-9884-42A7-81F8-D381912FA610}.Debug|Any CPU.Build.0 = Debug|Any CPU
		{87F01C82-9884-42A7-81F8-D381912FA610}.Release|Any CPU.ActiveCfg = Release|Any CPU
		{87F01C82-9884-42A7-81F8-D381912FA610}.Release|Any CPU.Build.0 = Release|Any CPU
		{1EF727CF-9FBB-4EED-A6DD-5F9DE774E632}.Debug|Any CPU.ActiveCfg = Debug|Any CPU
		{1EF727CF-9FBB-4EED-A6DD-5F9DE774E632}.Debug|Any CPU.Build.0 = Debug|Any CPU
		{1EF727CF-9FBB-4EED-A6DD-5F9DE774E632}.Release|Any CPU.ActiveCfg = Release|Any CPU
		{1EF727CF-9FBB-4EED-A6DD-5F9DE774E632}.Release|Any CPU.Build.0 = Release|Any CPU
		{5B637081-1586-4AD9-9A3F-D02292B7B053}.Debug|Any CPU.ActiveCfg = Debug|Any CPU
		{5B637081-1586-4AD9-9A3F-D02292B7B053}.Debug|Any CPU.Build.0 = Debug|Any CPU
		{5B637081-1586-4AD9-9A3F-D02292B7B053}.Release|Any CPU.ActiveCfg = Release|Any CPU
		{5B637081-1586-4AD9-9A3F-D02292B7B053}.Release|Any CPU.Build.0 = Release|Any CPU
	EndGlobalSection
	GlobalSection(SolutionProperties) = preSolution
		HideSolutionNode = FALSE
	EndGlobalSection
EndGlobal
